
Microsoft Visual Studio Solution File, Format Version 12.00
# Visual Studio Version 16
VisualStudioVersion = 16.0.31019.35
MinimumVisualStudioVersion = 10.0.40219.1
Project("{FAE04EC0-301F-11D3-BF4B-00C04F79EFBC}") = "CopyConstructor", "CopyConstructor\CopyConstructor.csproj", "{ABAD2BAE-9FEA-4D24-825B-6F8B8805C785}"
EndProject
Global
	GlobalSection(SolutionConfigurationPlatforms) = preSolution
		Debug|Any CPU = Debug|Any CPU
		Release|Any CPU = Release|Any CPU
	EndGlobalSection
	GlobalSection(ProjectConfigurationPlatforms) = postSolution
		{ABAD2BAE-9FEA-4D24-825B-6F8B8805C785}.Debug|Any CPU.ActiveCfg = Debug|Any CPU
		{ABAD2BAE-9FEA-4D24-825B-6F8B8805C785}.Debug|Any CPU.Build.0 = Debug|Any CPU
		{ABAD2BAE-9FEA-4D24-825B-6F8B8805C785}.Release|Any CPU.ActiveCfg = Release|Any CPU
		{ABAD2BAE-9FEA-4D24-825B-6F8B8805C785}.Release|Any CPU.Build.0 = Release|Any CPU
	EndGlobalSection
	GlobalSection(SolutionProperties) = preSolution
		HideSolutionNode = FALSE
	EndGlobalSection
	GlobalSection(ExtensibilityGlobals) = postSolution
		SolutionGuid = {1196C845-08D9-48F9-B82B-8CD6C8A88F4B}
	EndGlobalSection
EndGlobal
